
Microsoft Visual Studio Solution File, Format Version 12.00
# Visual Studio 15
VisualStudioVersion = 15.0.28010.2003
MinimumVisualStudioVersion = 10.0.40219.1
Project("{888888A0-9F3D-457C-B088-3A5042F75D52}") = "KNN_And_Decision_Tree", "PythonApplication1\KNN_And_Decision_Tree.pyproj", "{D7B00C5B-A99C-44B3-92E3-976FC502BACE}"
EndProject
Global
	GlobalSection(SolutionConfigurationPlatforms) = preSolution
		Debug|Any CPU = Debug|Any CPU
		Release|Any CPU = Release|Any CPU
	EndGlobalSection
	GlobalSection(ProjectConfigurationPlatforms) = postSolution
		{D7B00C5B-A99C-44B3-92E3-976FC502BACE}.Debug|Any CPU.ActiveCfg = Debug|Any CPU
		{D7B00C5B-A99C-44B3-92E3-976FC502BACE}.Release|Any CPU.ActiveCfg = Release|Any CPU
	EndGlobalSection
	GlobalSection(SolutionProperties) = preSolution
		HideSolutionNode = FALSE
	EndGlobalSection
	GlobalSection(ExtensibilityGlobals) = postSolution
		SolutionGuid = {6B5C1DCA-D21B-47A7-88E2-E29EB050B72F}
	EndGlobalSection
EndGlobal
